
Microsoft Visual Studio Solution File, Format Version 12.00
# Visual Studio 15
VisualStudioVersion = 15.0.26730.3
MinimumVisualStudioVersion = 10.0.40219.1
Project("{FAE04EC0-301F-11D3-BF4B-00C04F79EFBC}") = "Trading", "Trading\Trading.csproj", "{8CDBA1D4-0B51-4CA5-8395-2F1175C5CF3B}"
EndProject
Global
	GlobalSection(SolutionConfigurationPlatforms) = preSolution
		Debug|Any CPU = Debug|Any CPU
		Release|Any CPU = Release|Any CPU
	EndGlobalSection
	GlobalSection(ProjectConfigurationPlatforms) = postSolution
		{8CDBA1D4-0B51-4CA5-8395-2F1175C5CF3B}.Debug|Any CPU.ActiveCfg = Debug|Any CPU
		{8CDBA1D4-0B51-4CA5-8395-2F1175C5CF3B}.Debug|Any CPU.Build.0 = Debug|Any CPU
		{8CDBA1D4-0B51-4CA5-8395-2F1175C5CF3B}.Release|Any CPU.ActiveCfg = Release|Any CPU
		{8CDBA1D4-0B51-4CA5-8395-2F1175C5CF3B}.Release|Any CPU.Build.0 = Release|Any CPU
	EndGlobalSection
	GlobalSection(SolutionProperties) = preSolution
		HideSolutionNode = FALSE
	EndGlobalSection
	GlobalSection(ExtensibilityGlobals) = postSolution
		SolutionGuid = {8ABB559C-CE7B-40CD-A3D5-D432F821943F}
	EndGlobalSection
EndGlobal
